// !$*UTF8*$!
{
	archiveVersion = 1;
	classes = {
	};
	objectVersion = 46;
	objects = {

/* Begin PBXBuildFile section */
		96071FAF1B8640C00097C61E /* DirectoryTest.swift in Sources */ = {isa = PBXBuildFile; fileRef = 96071FAD1B8640A50097C61E /* DirectoryTest.swift */; };
		96071FB01B8640C10097C61E /* DirectoryTest.swift in Sources */ = {isa = PBXBuildFile; fileRef = 96071FAD1B8640A50097C61E /* DirectoryTest.swift */; };
		96071FB21B8641F90097C61E /* Directory.swift in Sources */ = {isa = PBXBuildFile; fileRef = 96071FB11B8641F90097C61E /* Directory.swift */; };
		96071FB31B86421C0097C61E /* Directory.swift in Sources */ = {isa = PBXBuildFile; fileRef = 96071FB11B8641F90097C61E /* Directory.swift */; };
		96286B3A1B7E555700567CA3 /* File-NSStream.swift in Sources */ = {isa = PBXBuildFile; fileRef = 96286B331B7E555700567CA3 /* File-NSStream.swift */; };
		96286B3B1B7E555700567CA3 /* File-SHA256.swift in Sources */ = {isa = PBXBuildFile; fileRef = 96286B341B7E555700567CA3 /* File-SHA256.swift */; };
		96286B3C1B7E555700567CA3 /* File-Temp.swift in Sources */ = {isa = PBXBuildFile; fileRef = 96286B351B7E555700567CA3 /* File-Temp.swift */; };
		96286B3D1B7E555700567CA3 /* SwiftHelperKit.h in Headers */ = {isa = PBXBuildFile; fileRef = 96286B361B7E555700567CA3 /* SwiftHelperKit.h */; settings = {ATTRIBUTES = (Public, ); }; };
		96286B3E1B7E555700567CA3 /* File.swift in Sources */ = {isa = PBXBuildFile; fileRef = 96286B371B7E555700567CA3 /* File.swift */; };
		96286B621B7E56E200567CA3 /* BaseTest.swift in Sources */ = {isa = PBXBuildFile; fileRef = 96286B5C1B7E56E200567CA3 /* BaseTest.swift */; };
		96286B641B7E56E200567CA3 /* FileTest-NSStream.swift in Sources */ = {isa = PBXBuildFile; fileRef = 96286B5E1B7E56E200567CA3 /* FileTest-NSStream.swift */; };
		96286B651B7E56E200567CA3 /* FileTest-SHA256.swift in Sources */ = {isa = PBXBuildFile; fileRef = 96286B5F1B7E56E200567CA3 /* FileTest-SHA256.swift */; };
		96286B661B7E56E200567CA3 /* FileTest-Temp.swift in Sources */ = {isa = PBXBuildFile; fileRef = 96286B601B7E56E200567CA3 /* FileTest-Temp.swift */; };
		96286B671B7E56E200567CA3 /* FileTest.swift in Sources */ = {isa = PBXBuildFile; fileRef = 96286B611B7E56E200567CA3 /* FileTest.swift */; };
		963788F51B85FF21003102F2 /* BaseTest.swift in Sources */ = {isa = PBXBuildFile; fileRef = 96286B5C1B7E56E200567CA3 /* BaseTest.swift */; };
		963788F61B85FF21003102F2 /* FileTest.swift in Sources */ = {isa = PBXBuildFile; fileRef = 96286B611B7E56E200567CA3 /* FileTest.swift */; };
		963788F71B85FF21003102F2 /* FileTest-Temp.swift in Sources */ = {isa = PBXBuildFile; fileRef = 96286B601B7E56E200567CA3 /* FileTest-Temp.swift */; };
		963788F91B85FF21003102F2 /* FileTest-NSStream.swift in Sources */ = {isa = PBXBuildFile; fileRef = 96286B5E1B7E56E200567CA3 /* FileTest-NSStream.swift */; };
		963788FA1B85FF21003102F2 /* FileTest-SHA256.swift in Sources */ = {isa = PBXBuildFile; fileRef = 96286B5F1B7E56E200567CA3 /* FileTest-SHA256.swift */; };
		963788FB1B85FF21003102F2 /* FileTest-SHA256TreeHash.swift in Sources */ = {isa = PBXBuildFile; fileRef = 96AB7C5E1B7F715E00CE2BB1 /* FileTest-SHA256TreeHash.swift */; };
		963788FC1B85FF21003102F2 /* FileTest-IniReader.swift in Sources */ = {isa = PBXBuildFile; fileRef = 9639E5691B7F671300BFE038 /* FileTest-IniReader.swift */; };
		963788FD1B85FF21003102F2 /* IniParserTest.swift in Sources */ = {isa = PBXBuildFile; fileRef = 9639E5701B7F675100BFE038 /* IniParserTest.swift */; };
		963788FE1B85FF21003102F2 /* StringExtTest.swift in Sources */ = {isa = PBXBuildFile; fileRef = 96AB7C141B7F68EF00CE2BB1 /* StringExtTest.swift */; };
		963788FF1B85FF21003102F2 /* StringExtTest-SHA256.swift in Sources */ = {isa = PBXBuildFile; fileRef = 96AB7C251B7F6CCF00CE2BB1 /* StringExtTest-SHA256.swift */; };
		963789011B85FF21003102F2 /* NSDateExtTest.swift in Sources */ = {isa = PBXBuildFile; fileRef = 96AB7C211B7F6B8E00CE2BB1 /* NSDateExtTest.swift */; };
		9639E56B1B7F671600BFE038 /* FileTest-IniReader.swift in Sources */ = {isa = PBXBuildFile; fileRef = 9639E5691B7F671300BFE038 /* FileTest-IniReader.swift */; };
		9639E56D1B7F672400BFE038 /* IniParser.swift in Sources */ = {isa = PBXBuildFile; fileRef = 9639E56C1B7F672400BFE038 /* IniParser.swift */; };
		9639E5711B7F675100BFE038 /* IniParserTest.swift in Sources */ = {isa = PBXBuildFile; fileRef = 9639E5701B7F675100BFE038 /* IniParserTest.swift */; };
		9693820E20667CBB005DB87E /* ExceptionCatcher.h in Headers */ = {isa = PBXBuildFile; fileRef = 9693820B20667A8A005DB87E /* ExceptionCatcher.h */; settings = {ATTRIBUTES = (Public, ); }; };
		9693820F20667CBD005DB87E /* ExceptionCatcher.h in Headers */ = {isa = PBXBuildFile; fileRef = 9693820B20667A8A005DB87E /* ExceptionCatcher.h */; settings = {ATTRIBUTES = (Public, ); }; };
		9693821320668680005DB87E /* ExceptionCatcherTest.swift in Sources */ = {isa = PBXBuildFile; fileRef = 969382102066864D005DB87E /* ExceptionCatcherTest.swift */; };
		9693821420668ADB005DB87E /* ExceptionCatcherTest.swift in Sources */ = {isa = PBXBuildFile; fileRef = 969382102066864D005DB87E /* ExceptionCatcherTest.swift */; };
		96AB7C131B7F68D500CE2BB1 /* StringExt.swift in Sources */ = {isa = PBXBuildFile; fileRef = 96AB7C121B7F68D500CE2BB1 /* StringExt.swift */; };
		96AB7C171B7F69DB00CE2BB1 /* StringExtTest.swift in Sources */ = {isa = PBXBuildFile; fileRef = 96AB7C141B7F68EF00CE2BB1 /* StringExtTest.swift */; };
		96AB7C191B7F6A7200CE2BB1 /* NSDataExt.swift in Sources */ = {isa = PBXBuildFile; fileRef = 96AB7C181B7F6A7200CE2BB1 /* NSDataExt.swift */; };
		96AB7C221B7F6B8E00CE2BB1 /* NSDateExtTest.swift in Sources */ = {isa = PBXBuildFile; fileRef = 96AB7C211B7F6B8E00CE2BB1 /* NSDateExtTest.swift */; };
		96AB7C261B7F6CCF00CE2BB1 /* StringExtTest-SHA256.swift in Sources */ = {isa = PBXBuildFile; fileRef = 96AB7C251B7F6CCF00CE2BB1 /* StringExtTest-SHA256.swift */; };
		96AB7C401B7F6E0800CE2BB1 /* UInt8Ext.swift in Sources */ = {isa = PBXBuildFile; fileRef = 96AB7C3F1B7F6E0800CE2BB1 /* UInt8Ext.swift */; };
		96AB7C411B7F6E9600CE2BB1 /* StringExt-SHA256.swift in Sources */ = {isa = PBXBuildFile; fileRef = 96AB7C231B7F6CA400CE2BB1 /* StringExt-SHA256.swift */; };
		96AB7C5D1B7F70FC00CE2BB1 /* File-SHA256TreeHash.swift in Sources */ = {isa = PBXBuildFile; fileRef = 96AB7C5C1B7F70FC00CE2BB1 /* File-SHA256TreeHash.swift */; };
		96AB7C5F1B7F715E00CE2BB1 /* FileTest-SHA256TreeHash.swift in Sources */ = {isa = PBXBuildFile; fileRef = 96AB7C5E1B7F715E00CE2BB1 /* FileTest-SHA256TreeHash.swift */; };
		96D7B06D1B85E9DD00D2A32E /* NSColorExt.swift in Sources */ = {isa = PBXBuildFile; fileRef = 96D7B06C1B85E9DD00D2A32E /* NSColorExt.swift */; };
		96D7B06F1B85EA2C00D2A32E /* NSColorExtTest.swift in Sources */ = {isa = PBXBuildFile; fileRef = 96D7B06E1B85EA2C00D2A32E /* NSColorExtTest.swift */; };
		96D7B07F1B85FDBD00D2A32E /* File.swift in Sources */ = {isa = PBXBuildFile; fileRef = 96286B371B7E555700567CA3 /* File.swift */; };
		96D7B0801B85FDBD00D2A32E /* File-Temp.swift in Sources */ = {isa = PBXBuildFile; fileRef = 96286B351B7E555700567CA3 /* File-Temp.swift */; };
		96D7B0821B85FDBD00D2A32E /* File-NSStream.swift in Sources */ = {isa = PBXBuildFile; fileRef = 96286B331B7E555700567CA3 /* File-NSStream.swift */; };
		96D7B0831B85FDBD00D2A32E /* File-SHA256.swift in Sources */ = {isa = PBXBuildFile; fileRef = 96286B341B7E555700567CA3 /* File-SHA256.swift */; };
		96D7B0841B85FDBD00D2A32E /* File-SHA256TreeHash.swift in Sources */ = {isa = PBXBuildFile; fileRef = 96AB7C5C1B7F70FC00CE2BB1 /* File-SHA256TreeHash.swift */; };
		96D7B0851B85FDBD00D2A32E /* File-IniReader.swift in Sources */ = {isa = PBXBuildFile; fileRef = 96EA30901B7F6510005F8887 /* File-IniReader.swift */; };
		96D7B0861B85FDBD00D2A32E /* IniParser.swift in Sources */ = {isa = PBXBuildFile; fileRef = 9639E56C1B7F672400BFE038 /* IniParser.swift */; };
		96D7B0871B85FDBD00D2A32E /* StringExt.swift in Sources */ = {isa = PBXBuildFile; fileRef = 96AB7C121B7F68D500CE2BB1 /* StringExt.swift */; };
		96D7B0881B85FDBD00D2A32E /* StringExt-SHA256.swift in Sources */ = {isa = PBXBuildFile; fileRef = 96AB7C231B7F6CA400CE2BB1 /* StringExt-SHA256.swift */; };
		96D7B0891B85FDBD00D2A32E /* NSDataExt.swift in Sources */ = {isa = PBXBuildFile; fileRef = 96AB7C181B7F6A7200CE2BB1 /* NSDataExt.swift */; };
		96D7B08C1B85FDBD00D2A32E /* UInt8Ext.swift in Sources */ = {isa = PBXBuildFile; fileRef = 96AB7C3F1B7F6E0800CE2BB1 /* UInt8Ext.swift */; };
		96D7B08E1B85FDC400D2A32E /* SwiftHelperKit.h in Headers */ = {isa = PBXBuildFile; fileRef = 96286B361B7E555700567CA3 /* SwiftHelperKit.h */; settings = {ATTRIBUTES = (Public, ); }; };
		96E9A2131D8300460037A67F /* CommonCrypto.framework in Frameworks */ = {isa = PBXBuildFile; fileRef = 96E9A2121D8300460037A67F /* CommonCrypto.framework */; };
		96E9A2141D83004B0037A67F /* CommonCrypto.framework in Frameworks */ = {isa = PBXBuildFile; fileRef = 96E9A2121D8300460037A67F /* CommonCrypto.framework */; };
		96EA30911B7F6510005F8887 /* File-IniReader.swift in Sources */ = {isa = PBXBuildFile; fileRef = 96EA30901B7F6510005F8887 /* File-IniReader.swift */; };
/* End PBXBuildFile section */

/* Begin PBXContainerItemProxy section */
		96286B241B7E54C200567CA3 /* PBXContainerItemProxy */ = {
			isa = PBXContainerItemProxy;
			containerPortal = 96286B0F1B7E54C200567CA3 /* Project object */;
			proxyType = 1;
			remoteGlobalIDString = 96286B171B7E54C200567CA3;
			remoteInfo = File;
		};
		963788F01B85FEF3003102F2 /* PBXContainerItemProxy */ = {
			isa = PBXContainerItemProxy;
			containerPortal = 96286B0F1B7E54C200567CA3 /* Project object */;
			proxyType = 1;
			remoteGlobalIDString = 96D7B0741B85FD1A00D2A32E;
			remoteInfo = "SwiftHelperKit iOS";
		};
/* End PBXContainerItemProxy section */

/* Begin PBXCopyFilesBuildPhase section */
		963789031B860123003102F2 /* CopyFiles */ = {
			isa = PBXCopyFilesBuildPhase;
			buildActionMask = 2147483647;
			dstPath = "";
			dstSubfolderSpec = 10;
			files = (
			);
			runOnlyForDeploymentPostprocessing = 0;
		};
		9698950B1B8077CB000285E8 /* CopyFiles */ = {
			isa = PBXCopyFilesBuildPhase;
			buildActionMask = 2147483647;
			dstPath = "";
			dstSubfolderSpec = 10;
			files = (
			);
			runOnlyForDeploymentPostprocessing = 0;
		};
/* End PBXCopyFilesBuildPhase section */

/* Begin PBXFileReference section */
		96071FAD1B8640A50097C61E /* DirectoryTest.swift */ = {isa = PBXFileReference; fileEncoding = 4; lastKnownFileType = sourcecode.swift; path = DirectoryTest.swift; sourceTree = "<group>"; };
		96071FB11B8641F90097C61E /* Directory.swift */ = {isa = PBXFileReference; fileEncoding = 4; lastKnownFileType = sourcecode.swift; path = Directory.swift; sourceTree = "<group>"; };
		96286B181B7E54C200567CA3 /* SwiftHelperKit.framework */ = {isa = PBXFileReference; explicitFileType = wrapper.framework; includeInIndex = 0; path = SwiftHelperKit.framework; sourceTree = BUILT_PRODUCTS_DIR; };
		96286B221B7E54C200567CA3 /* SwiftHelperKitTests.xctest */ = {isa = PBXFileReference; explicitFileType = wrapper.cfbundle; includeInIndex = 0; path = SwiftHelperKitTests.xctest; sourceTree = BUILT_PRODUCTS_DIR; };
		96286B331B7E555700567CA3 /* File-NSStream.swift */ = {isa = PBXFileReference; fileEncoding = 4; lastKnownFileType = sourcecode.swift; name = "File-NSStream.swift"; path = "Source/File-NSStream.swift"; sourceTree = SOURCE_ROOT; };
		96286B341B7E555700567CA3 /* File-SHA256.swift */ = {isa = PBXFileReference; fileEncoding = 4; lastKnownFileType = sourcecode.swift; name = "File-SHA256.swift"; path = "Source/File-SHA256.swift"; sourceTree = SOURCE_ROOT; };
		96286B351B7E555700567CA3 /* File-Temp.swift */ = {isa = PBXFileReference; fileEncoding = 4; lastKnownFileType = sourcecode.swift; name = "File-Temp.swift"; path = "Source/File-Temp.swift"; sourceTree = SOURCE_ROOT; };
		96286B361B7E555700567CA3 /* SwiftHelperKit.h */ = {isa = PBXFileReference; fileEncoding = 4; lastKnownFileType = sourcecode.c.h; name = SwiftHelperKit.h; path = Source/SwiftHelperKit.h; sourceTree = SOURCE_ROOT; };
		96286B371B7E555700567CA3 /* File.swift */ = {isa = PBXFileReference; fileEncoding = 4; lastKnownFileType = sourcecode.swift; name = File.swift; path = Source/File.swift; sourceTree = SOURCE_ROOT; };
		96286B381B7E555700567CA3 /* Info.plist */ = {isa = PBXFileReference; fileEncoding = 4; lastKnownFileType = text.plist.xml; name = Info.plist; path = Source/Info.plist; sourceTree = SOURCE_ROOT; };
		96286B411B7E55AD00567CA3 /* Info.plist */ = {isa = PBXFileReference; fileEncoding = 4; lastKnownFileType = text.plist.xml; name = Info.plist; path = Tests/Info.plist; sourceTree = SOURCE_ROOT; };
		96286B5C1B7E56E200567CA3 /* BaseTest.swift */ = {isa = PBXFileReference; fileEncoding = 4; lastKnownFileType = sourcecode.swift; name = BaseTest.swift; path = Tests/BaseTest.swift; sourceTree = SOURCE_ROOT; };
		96286B5E1B7E56E200567CA3 /* FileTest-NSStream.swift */ = {isa = PBXFileReference; fileEncoding = 4; lastKnownFileType = sourcecode.swift; name = "FileTest-NSStream.swift"; path = "Tests/FileTest-NSStream.swift"; sourceTree = SOURCE_ROOT; };
		96286B5F1B7E56E200567CA3 /* FileTest-SHA256.swift */ = {isa = PBXFileReference; fileEncoding = 4; lastKnownFileType = sourcecode.swift; name = "FileTest-SHA256.swift"; path = "Tests/FileTest-SHA256.swift"; sourceTree = SOURCE_ROOT; };
		96286B601B7E56E200567CA3 /* FileTest-Temp.swift */ = {isa = PBXFileReference; fileEncoding = 4; lastKnownFileType = sourcecode.swift; name = "FileTest-Temp.swift"; path = "Tests/FileTest-Temp.swift"; sourceTree = SOURCE_ROOT; };
		96286B611B7E56E200567CA3 /* FileTest.swift */ = {isa = PBXFileReference; fileEncoding = 4; lastKnownFileType = sourcecode.swift; name = FileTest.swift; path = Tests/FileTest.swift; sourceTree = SOURCE_ROOT; };
		963788EA1B85FEF3003102F2 /* SwiftHelperKitTests.xctest */ = {isa = PBXFileReference; explicitFileType = wrapper.cfbundle; includeInIndex = 0; path = SwiftHelperKitTests.xctest; sourceTree = BUILT_PRODUCTS_DIR; };
		9639E5691B7F671300BFE038 /* FileTest-IniReader.swift */ = {isa = PBXFileReference; fileEncoding = 4; lastKnownFileType = sourcecode.swift; name = "FileTest-IniReader.swift"; path = "Tests/FileTest-IniReader.swift"; sourceTree = SOURCE_ROOT; };
		9639E56C1B7F672400BFE038 /* IniParser.swift */ = {isa = PBXFileReference; fileEncoding = 4; lastKnownFileType = sourcecode.swift; name = IniParser.swift; path = Source/IniParser.swift; sourceTree = SOURCE_ROOT; };
		9639E5701B7F675100BFE038 /* IniParserTest.swift */ = {isa = PBXFileReference; fileEncoding = 4; lastKnownFileType = sourcecode.swift; name = IniParserTest.swift; path = ../Tests/IniParserTest.swift; sourceTree = "<group>"; };
		9693820B20667A8A005DB87E /* ExceptionCatcher.h */ = {isa = PBXFileReference; lastKnownFileType = sourcecode.c.h; path = ExceptionCatcher.h; sourceTree = "<group>"; };
		969382102066864D005DB87E /* ExceptionCatcherTest.swift */ = {isa = PBXFileReference; lastKnownFileType = sourcecode.swift; path = ExceptionCatcherTest.swift; sourceTree = "<group>"; };
		96AB7C121B7F68D500CE2BB1 /* StringExt.swift */ = {isa = PBXFileReference; fileEncoding = 4; lastKnownFileType = sourcecode.swift; path = StringExt.swift; sourceTree = "<group>"; };
		96AB7C141B7F68EF00CE2BB1 /* StringExtTest.swift */ = {isa = PBXFileReference; fileEncoding = 4; lastKnownFileType = sourcecode.swift; path = StringExtTest.swift; sourceTree = "<group>"; };
		96AB7C181B7F6A7200CE2BB1 /* NSDataExt.swift */ = {isa = PBXFileReference; fileEncoding = 4; lastKnownFileType = sourcecode.swift; path = NSDataExt.swift; sourceTree = "<group>"; };
		96AB7C211B7F6B8E00CE2BB1 /* NSDateExtTest.swift */ = {isa = PBXFileReference; fileEncoding = 4; lastKnownFileType = sourcecode.swift; path = NSDateExtTest.swift; sourceTree = "<group>"; };
		96AB7C231B7F6CA400CE2BB1 /* StringExt-SHA256.swift */ = {isa = PBXFileReference; fileEncoding = 4; lastKnownFileType = sourcecode.swift; path = "StringExt-SHA256.swift"; sourceTree = "<group>"; };
		96AB7C251B7F6CCF00CE2BB1 /* StringExtTest-SHA256.swift */ = {isa = PBXFileReference; fileEncoding = 4; lastKnownFileType = sourcecode.swift; path = "StringExtTest-SHA256.swift"; sourceTree = "<group>"; };
		96AB7C3F1B7F6E0800CE2BB1 /* UInt8Ext.swift */ = {isa = PBXFileReference; fileEncoding = 4; lastKnownFileType = sourcecode.swift; path = UInt8Ext.swift; sourceTree = "<group>"; };
		96AB7C5C1B7F70FC00CE2BB1 /* File-SHA256TreeHash.swift */ = {isa = PBXFileReference; fileEncoding = 4; lastKnownFileType = sourcecode.swift; path = "File-SHA256TreeHash.swift"; sourceTree = "<group>"; };
		96AB7C5E1B7F715E00CE2BB1 /* FileTest-SHA256TreeHash.swift */ = {isa = PBXFileReference; fileEncoding = 4; lastKnownFileType = sourcecode.swift; path = "FileTest-SHA256TreeHash.swift"; sourceTree = "<group>"; };
		96D7B06C1B85E9DD00D2A32E /* NSColorExt.swift */ = {isa = PBXFileReference; fileEncoding = 4; lastKnownFileType = sourcecode.swift; path = NSColorExt.swift; sourceTree = "<group>"; };
		96D7B06E1B85EA2C00D2A32E /* NSColorExtTest.swift */ = {isa = PBXFileReference; fileEncoding = 4; lastKnownFileType = sourcecode.swift; path = NSColorExtTest.swift; sourceTree = "<group>"; };
		96D7B0751B85FD1A00D2A32E /* SwiftHelperKit.framework */ = {isa = PBXFileReference; explicitFileType = wrapper.framework; includeInIndex = 0; path = SwiftHelperKit.framework; sourceTree = BUILT_PRODUCTS_DIR; };
		96E9A2121D8300460037A67F /* CommonCrypto.framework */ = {isa = PBXFileReference; lastKnownFileType = wrapper.framework; name = CommonCrypto.framework; path = ../../Build/Mac/CommonCrypto.framework; sourceTree = "<group>"; };
		96EA30901B7F6510005F8887 /* File-IniReader.swift */ = {isa = PBXFileReference; fileEncoding = 4; lastKnownFileType = sourcecode.swift; name = "File-IniReader.swift"; path = "Source/File-IniReader.swift"; sourceTree = SOURCE_ROOT; };
/* End PBXFileReference section */

/* Begin PBXFrameworksBuildPhase section */
		96286B141B7E54C200567CA3 /* Frameworks */ = {
			isa = PBXFrameworksBuildPhase;
			buildActionMask = 2147483647;
			files = (
				96E9A2131D8300460037A67F /* CommonCrypto.framework in Frameworks */,
			);
			runOnlyForDeploymentPostprocessing = 0;
		};
		96286B1F1B7E54C200567CA3 /* Frameworks */ = {
			isa = PBXFrameworksBuildPhase;
			buildActionMask = 2147483647;
			files = (
			);
			runOnlyForDeploymentPostprocessing = 0;
		};
		963788E71B85FEF3003102F2 /* Frameworks */ = {
			isa = PBXFrameworksBuildPhase;
			buildActionMask = 2147483647;
			files = (
			);
			runOnlyForDeploymentPostprocessing = 0;
		};
		96D7B0711B85FD1A00D2A32E /* Frameworks */ = {
			isa = PBXFrameworksBuildPhase;
			buildActionMask = 2147483647;
			files = (
				96E9A2141D83004B0037A67F /* CommonCrypto.framework in Frameworks */,
			);
			runOnlyForDeploymentPostprocessing = 0;
		};
/* End PBXFrameworksBuildPhase section */

/* Begin PBXGroup section */
		961A84021D34140C00423B25 /* Frameworks */ = {
			isa = PBXGroup;
			children = (
				96E9A2121D8300460037A67F /* CommonCrypto.framework */,
			);
			name = Frameworks;
			sourceTree = "<group>";
		};
		96286B0E1B7E54C200567CA3 = {
			isa = PBXGroup;
			children = (
				96286B1A1B7E54C200567CA3 /* Source */,
				96286B261B7E54C200567CA3 /* Tests */,
				961A84021D34140C00423B25 /* Frameworks */,
				96286B191B7E54C200567CA3 /* Products */,
			);
			sourceTree = "<group>";
		};
		96286B191B7E54C200567CA3 /* Products */ = {
			isa = PBXGroup;
			children = (
				96286B181B7E54C200567CA3 /* SwiftHelperKit.framework */,
				96286B221B7E54C200567CA3 /* SwiftHelperKitTests.xctest */,
				96D7B0751B85FD1A00D2A32E /* SwiftHelperKit.framework */,
				963788EA1B85FEF3003102F2 /* SwiftHelperKitTests.xctest */,
			);
			name = Products;
			sourceTree = "<group>";
		};
		96286B1A1B7E54C200567CA3 /* Source */ = {
			isa = PBXGroup;
			children = (
				96286B371B7E555700567CA3 /* File.swift */,
				96071FB11B8641F90097C61E /* Directory.swift */,
				96286B351B7E555700567CA3 /* File-Temp.swift */,
				96286B331B7E555700567CA3 /* File-NSStream.swift */,
				96286B341B7E555700567CA3 /* File-SHA256.swift */,
				96AB7C5C1B7F70FC00CE2BB1 /* File-SHA256TreeHash.swift */,
				96EA30901B7F6510005F8887 /* File-IniReader.swift */,
				9639E56C1B7F672400BFE038 /* IniParser.swift */,
				96AB7C121B7F68D500CE2BB1 /* StringExt.swift */,
				96AB7C231B7F6CA400CE2BB1 /* StringExt-SHA256.swift */,
				96AB7C181B7F6A7200CE2BB1 /* NSDataExt.swift */,
				96AB7C3F1B7F6E0800CE2BB1 /* UInt8Ext.swift */,
				96D7B06C1B85E9DD00D2A32E /* NSColorExt.swift */,
				96286B401B7E556800567CA3 /* Supporting Files */,
				9693820B20667A8A005DB87E /* ExceptionCatcher.h */,
			);
			path = Source;
			sourceTree = "<group>";
		};
		96286B261B7E54C200567CA3 /* Tests */ = {
			isa = PBXGroup;
			children = (
				96286B5C1B7E56E200567CA3 /* BaseTest.swift */,
				96286B611B7E56E200567CA3 /* FileTest.swift */,
				96071FAD1B8640A50097C61E /* DirectoryTest.swift */,
				96286B601B7E56E200567CA3 /* FileTest-Temp.swift */,
				96286B5E1B7E56E200567CA3 /* FileTest-NSStream.swift */,
				96286B5F1B7E56E200567CA3 /* FileTest-SHA256.swift */,
				96AB7C5E1B7F715E00CE2BB1 /* FileTest-SHA256TreeHash.swift */,
				9639E5691B7F671300BFE038 /* FileTest-IniReader.swift */,
				9639E5701B7F675100BFE038 /* IniParserTest.swift */,
				96AB7C141B7F68EF00CE2BB1 /* StringExtTest.swift */,
				96AB7C251B7F6CCF00CE2BB1 /* StringExtTest-SHA256.swift */,
				96AB7C211B7F6B8E00CE2BB1 /* NSDateExtTest.swift */,
				96D7B06E1B85EA2C00D2A32E /* NSColorExtTest.swift */,
				969382102066864D005DB87E /* ExceptionCatcherTest.swift */,
				96EA30941B7F6616005F8887 /* Supporting Files */,
			);
			path = Tests;
			sourceTree = "<group>";
		};
		96286B401B7E556800567CA3 /* Supporting Files */ = {
			isa = PBXGroup;
			children = (
				96286B361B7E555700567CA3 /* SwiftHelperKit.h */,
				96286B381B7E555700567CA3 /* Info.plist */,
			);
			name = "Supporting Files";
			sourceTree = "<group>";
		};
		96EA30941B7F6616005F8887 /* Supporting Files */ = {
			isa = PBXGroup;
			children = (
				96286B411B7E55AD00567CA3 /* Info.plist */,
			);
			name = "Supporting Files";
			sourceTree = "<group>";
		};
/* End PBXGroup section */

/* Begin PBXHeadersBuildPhase section */
		96286B151B7E54C200567CA3 /* Headers */ = {
			isa = PBXHeadersBuildPhase;
			buildActionMask = 2147483647;
			files = (
				96286B3D1B7E555700567CA3 /* SwiftHelperKit.h in Headers */,
				9693820E20667CBB005DB87E /* ExceptionCatcher.h in Headers */,
			);
			runOnlyForDeploymentPostprocessing = 0;
		};
		96D7B0721B85FD1A00D2A32E /* Headers */ = {
			isa = PBXHeadersBuildPhase;
			buildActionMask = 2147483647;
			files = (
				96D7B08E1B85FDC400D2A32E /* SwiftHelperKit.h in Headers */,
				9693820F20667CBD005DB87E /* ExceptionCatcher.h in Headers */,
			);
			runOnlyForDeploymentPostprocessing = 0;
		};
/* End PBXHeadersBuildPhase section */

/* Begin PBXNativeTarget section */
		96286B171B7E54C200567CA3 /* SwiftHelperKit OSX */ = {
			isa = PBXNativeTarget;
			buildConfigurationList = 96286B2C1B7E54C200567CA3 /* Build configuration list for PBXNativeTarget "SwiftHelperKit OSX" */;
			buildPhases = (
				96286B131B7E54C200567CA3 /* Sources */,
				96286B141B7E54C200567CA3 /* Frameworks */,
				96286B151B7E54C200567CA3 /* Headers */,
				96286B161B7E54C200567CA3 /* Resources */,
			);
			buildRules = (
			);
			dependencies = (
			);
			name = "SwiftHelperKit OSX";
			productName = File;
			productReference = 96286B181B7E54C200567CA3 /* SwiftHelperKit.framework */;
			productType = "com.apple.product-type.framework";
		};
		96286B211B7E54C200567CA3 /* SwiftHelperKit OSX Tests */ = {
			isa = PBXNativeTarget;
			buildConfigurationList = 96286B2F1B7E54C200567CA3 /* Build configuration list for PBXNativeTarget "SwiftHelperKit OSX Tests" */;
			buildPhases = (
				96286B1E1B7E54C200567CA3 /* Sources */,
				96286B1F1B7E54C200567CA3 /* Frameworks */,
				96286B201B7E54C200567CA3 /* Resources */,
				9698950B1B8077CB000285E8 /* CopyFiles */,
			);
			buildRules = (
			);
			dependencies = (
				96286B251B7E54C200567CA3 /* PBXTargetDependency */,
			);
			name = "SwiftHelperKit OSX Tests";
			productName = FileTests;
			productReference = 96286B221B7E54C200567CA3 /* SwiftHelperKitTests.xctest */;
			productType = "com.apple.product-type.bundle.unit-test";
		};
		963788E91B85FEF3003102F2 /* SwiftHelperKit iOS Tests */ = {
			isa = PBXNativeTarget;
			buildConfigurationList = 963788F41B85FEF3003102F2 /* Build configuration list for PBXNativeTarget "SwiftHelperKit iOS Tests" */;
			buildPhases = (
				963788E61B85FEF3003102F2 /* Sources */,
				963788E71B85FEF3003102F2 /* Frameworks */,
				963788E81B85FEF3003102F2 /* Resources */,
				963789031B860123003102F2 /* CopyFiles */,
			);
			buildRules = (
			);
			dependencies = (
				963788F11B85FEF3003102F2 /* PBXTargetDependency */,
			);
			name = "SwiftHelperKit iOS Tests";
			productName = SwiftHelperKitiOSTests;
			productReference = 963788EA1B85FEF3003102F2 /* SwiftHelperKitTests.xctest */;
			productType = "com.apple.product-type.bundle.unit-test";
		};
		96D7B0741B85FD1A00D2A32E /* SwiftHelperKit iOS */ = {
			isa = PBXNativeTarget;
			buildConfigurationList = 96D7B07A1B85FD1A00D2A32E /* Build configuration list for PBXNativeTarget "SwiftHelperKit iOS" */;
			buildPhases = (
				96D7B0701B85FD1A00D2A32E /* Sources */,
				96D7B0711B85FD1A00D2A32E /* Frameworks */,
				96D7B0721B85FD1A00D2A32E /* Headers */,
				96D7B0731B85FD1A00D2A32E /* Resources */,
				961A84051D34144F00423B25 /* Run Carthage */,
			);
			buildRules = (
			);
			dependencies = (
			);
			name = "SwiftHelperKit iOS";
			productName = "SwiftHelperKit iOS";
			productReference = 96D7B0751B85FD1A00D2A32E /* SwiftHelperKit.framework */;
			productType = "com.apple.product-type.framework";
		};
/* End PBXNativeTarget section */

/* Begin PBXProject section */
		96286B0F1B7E54C200567CA3 /* Project object */ = {
			isa = PBXProject;
			attributes = {
				LastSwiftUpdateCheck = 0700;
				LastUpgradeCheck = 1230;
				ORGANIZATIONNAME = "Sebastian Volland";
				TargetAttributes = {
					96286B171B7E54C200567CA3 = {
						CreatedOnToolsVersion = 7.0;
						LastSwiftMigration = 1020;
					};
					96286B211B7E54C200567CA3 = {
						CreatedOnToolsVersion = 7.0;
						LastSwiftMigration = 1020;
					};
					963788E91B85FEF3003102F2 = {
						CreatedOnToolsVersion = 7.0;
						LastSwiftMigration = 1020;
					};
					96D7B0741B85FD1A00D2A32E = {
						CreatedOnToolsVersion = 7.0;
						LastSwiftMigration = 1020;
					};
				};
			};
			buildConfigurationList = 96286B121B7E54C200567CA3 /* Build configuration list for PBXProject "SwiftHelperKit" */;
			compatibilityVersion = "Xcode 3.2";
			developmentRegion = en;
			hasScannedForEncodings = 0;
			knownRegions = (
				en,
				Base,
			);
			mainGroup = 96286B0E1B7E54C200567CA3;
			productRefGroup = 96286B191B7E54C200567CA3 /* Products */;
			projectDirPath = "";
			projectRoot = "";
			targets = (
				96286B171B7E54C200567CA3 /* SwiftHelperKit OSX */,
				96D7B0741B85FD1A00D2A32E /* SwiftHelperKit iOS */,
				96286B211B7E54C200567CA3 /* SwiftHelperKit OSX Tests */,
				963788E91B85FEF3003102F2 /* SwiftHelperKit iOS Tests */,
			);
		};
/* End PBXProject section */

/* Begin PBXResourcesBuildPhase section */
		96286B161B7E54C200567CA3 /* Resources */ = {
			isa = PBXResourcesBuildPhase;
			buildActionMask = 2147483647;
			files = (
			);
			runOnlyForDeploymentPostprocessing = 0;
		};
		96286B201B7E54C200567CA3 /* Resources */ = {
			isa = PBXResourcesBuildPhase;
			buildActionMask = 2147483647;
			files = (
			);
			runOnlyForDeploymentPostprocessing = 0;
		};
		963788E81B85FEF3003102F2 /* Resources */ = {
			isa = PBXResourcesBuildPhase;
			buildActionMask = 2147483647;
			files = (
			);
			runOnlyForDeploymentPostprocessing = 0;
		};
		96D7B0731B85FD1A00D2A32E /* Resources */ = {
			isa = PBXResourcesBuildPhase;
			buildActionMask = 2147483647;
			files = (
			);
			runOnlyForDeploymentPostprocessing = 0;
		};
/* End PBXResourcesBuildPhase section */

/* Begin PBXShellScriptBuildPhase section */
		961A84051D34144F00423B25 /* Run Carthage */ = {
			isa = PBXShellScriptBuildPhase;
			buildActionMask = 2147483647;
			files = (
			);
			inputPaths = (
			);
			name = "Run Carthage";
			outputPaths = (
			);
			runOnlyForDeploymentPostprocessing = 0;
			shellPath = /bin/sh;
			shellScript = "/usr/local/bin/carthage copy-frameworks";
		};
/* End PBXShellScriptBuildPhase section */

/* Begin PBXSourcesBuildPhase section */
		96286B131B7E54C200567CA3 /* Sources */ = {
			isa = PBXSourcesBuildPhase;
			buildActionMask = 2147483647;
			files = (
				96AB7C411B7F6E9600CE2BB1 /* StringExt-SHA256.swift in Sources */,
				96AB7C131B7F68D500CE2BB1 /* StringExt.swift in Sources */,
				96D7B06D1B85E9DD00D2A32E /* NSColorExt.swift in Sources */,
				96286B3E1B7E555700567CA3 /* File.swift in Sources */,
				96286B3A1B7E555700567CA3 /* File-NSStream.swift in Sources */,
				96286B3C1B7E555700567CA3 /* File-Temp.swift in Sources */,
				96286B3B1B7E555700567CA3 /* File-SHA256.swift in Sources */,
				96EA30911B7F6510005F8887 /* File-IniReader.swift in Sources */,
				9639E56D1B7F672400BFE038 /* IniParser.swift in Sources */,
				96AB7C401B7F6E0800CE2BB1 /* UInt8Ext.swift in Sources */,
				96AB7C5D1B7F70FC00CE2BB1 /* File-SHA256TreeHash.swift in Sources */,
				96AB7C191B7F6A7200CE2BB1 /* NSDataExt.swift in Sources */,
				96071FB21B8641F90097C61E /* Directory.swift in Sources */,
			);
			runOnlyForDeploymentPostprocessing = 0;
		};
		96286B1E1B7E54C200567CA3 /* Sources */ = {
			isa = PBXSourcesBuildPhase;
			buildActionMask = 2147483647;
			files = (
				96D7B06F1B85EA2C00D2A32E /* NSColorExtTest.swift in Sources */,
				96AB7C261B7F6CCF00CE2BB1 /* StringExtTest-SHA256.swift in Sources */,
				96AB7C221B7F6B8E00CE2BB1 /* NSDateExtTest.swift in Sources */,
				96286B641B7E56E200567CA3 /* FileTest-NSStream.swift in Sources */,
				96286B621B7E56E200567CA3 /* BaseTest.swift in Sources */,
				96286B651B7E56E200567CA3 /* FileTest-SHA256.swift in Sources */,
				9639E5711B7F675100BFE038 /* IniParserTest.swift in Sources */,
				96071FAF1B8640C00097C61E /* DirectoryTest.swift in Sources */,
				9639E56B1B7F671600BFE038 /* FileTest-IniReader.swift in Sources */,
				96286B671B7E56E200567CA3 /* FileTest.swift in Sources */,
				9693821320668680005DB87E /* ExceptionCatcherTest.swift in Sources */,
				96AB7C5F1B7F715E00CE2BB1 /* FileTest-SHA256TreeHash.swift in Sources */,
				96AB7C171B7F69DB00CE2BB1 /* StringExtTest.swift in Sources */,
				96286B661B7E56E200567CA3 /* FileTest-Temp.swift in Sources */,
			);
			runOnlyForDeploymentPostprocessing = 0;
		};
		963788E61B85FEF3003102F2 /* Sources */ = {
			isa = PBXSourcesBuildPhase;
			buildActionMask = 2147483647;
			files = (
				963788FC1B85FF21003102F2 /* FileTest-IniReader.swift in Sources */,
				9693821420668ADB005DB87E /* ExceptionCatcherTest.swift in Sources */,
				963788F91B85FF21003102F2 /* FileTest-NSStream.swift in Sources */,
				96071FB01B8640C10097C61E /* DirectoryTest.swift in Sources */,
				963788FA1B85FF21003102F2 /* FileTest-SHA256.swift in Sources */,
				963788FB1B85FF21003102F2 /* FileTest-SHA256TreeHash.swift in Sources */,
				963788F61B85FF21003102F2 /* FileTest.swift in Sources */,
				963789011B85FF21003102F2 /* NSDateExtTest.swift in Sources */,
				963788F71B85FF21003102F2 /* FileTest-Temp.swift in Sources */,
				963788F51B85FF21003102F2 /* BaseTest.swift in Sources */,
				963788FD1B85FF21003102F2 /* IniParserTest.swift in Sources */,
				963788FE1B85FF21003102F2 /* StringExtTest.swift in Sources */,
				963788FF1B85FF21003102F2 /* StringExtTest-SHA256.swift in Sources */,
			);
			runOnlyForDeploymentPostprocessing = 0;
		};
		96D7B0701B85FD1A00D2A32E /* Sources */ = {
			isa = PBXSourcesBuildPhase;
			buildActionMask = 2147483647;
			files = (
				96D7B0821B85FDBD00D2A32E /* File-NSStream.swift in Sources */,
				96D7B07F1B85FDBD00D2A32E /* File.swift in Sources */,
				96D7B0831B85FDBD00D2A32E /* File-SHA256.swift in Sources */,
				96D7B0871B85FDBD00D2A32E /* StringExt.swift in Sources */,
				96D7B0881B85FDBD00D2A32E /* StringExt-SHA256.swift in Sources */,
				96D7B0841B85FDBD00D2A32E /* File-SHA256TreeHash.swift in Sources */,
				96D7B0801B85FDBD00D2A32E /* File-Temp.swift in Sources */,
				96D7B0851B85FDBD00D2A32E /* File-IniReader.swift in Sources */,
				96D7B08C1B85FDBD00D2A32E /* UInt8Ext.swift in Sources */,
				96D7B0861B85FDBD00D2A32E /* IniParser.swift in Sources */,
				96D7B0891B85FDBD00D2A32E /* NSDataExt.swift in Sources */,
				96071FB31B86421C0097C61E /* Directory.swift in Sources */,
			);
			runOnlyForDeploymentPostprocessing = 0;
		};
/* End PBXSourcesBuildPhase section */

/* Begin PBXTargetDependency section */
		96286B251B7E54C200567CA3 /* PBXTargetDependency */ = {
			isa = PBXTargetDependency;
			target = 96286B171B7E54C200567CA3 /* SwiftHelperKit OSX */;
			targetProxy = 96286B241B7E54C200567CA3 /* PBXContainerItemProxy */;
		};
		963788F11B85FEF3003102F2 /* PBXTargetDependency */ = {
			isa = PBXTargetDependency;
			target = 96D7B0741B85FD1A00D2A32E /* SwiftHelperKit iOS */;
			targetProxy = 963788F01B85FEF3003102F2 /* PBXContainerItemProxy */;
		};
/* End PBXTargetDependency section */

/* Begin XCBuildConfiguration section */
		96286B2A1B7E54C200567CA3 /* Debug */ = {
			isa = XCBuildConfiguration;
			buildSettings = {
				ALWAYS_SEARCH_USER_PATHS = NO;
				CLANG_CXX_LANGUAGE_STANDARD = "gnu++0x";
				CLANG_CXX_LIBRARY = "libc++";
				CLANG_ENABLE_MODULES = YES;
				CLANG_ENABLE_OBJC_ARC = YES;
				CLANG_WARN_BLOCK_CAPTURE_AUTORELEASING = YES;
				CLANG_WARN_BOOL_CONVERSION = YES;
				CLANG_WARN_COMMA = YES;
				CLANG_WARN_CONSTANT_CONVERSION = YES;
				CLANG_WARN_DEPRECATED_OBJC_IMPLEMENTATIONS = YES;
				CLANG_WARN_DIRECT_OBJC_ISA_USAGE = YES_ERROR;
				CLANG_WARN_EMPTY_BODY = YES;
				CLANG_WARN_ENUM_CONVERSION = YES;
				CLANG_WARN_INFINITE_RECURSION = YES;
				CLANG_WARN_INT_CONVERSION = YES;
				CLANG_WARN_NON_LITERAL_NULL_CONVERSION = YES;
				CLANG_WARN_OBJC_IMPLICIT_RETAIN_SELF = YES;
				CLANG_WARN_OBJC_LITERAL_CONVERSION = YES;
				CLANG_WARN_OBJC_ROOT_CLASS = YES_ERROR;
				CLANG_WARN_QUOTED_INCLUDE_IN_FRAMEWORK_HEADER = YES;
				CLANG_WARN_RANGE_LOOP_ANALYSIS = YES;
				CLANG_WARN_STRICT_PROTOTYPES = YES;
				CLANG_WARN_SUSPICIOUS_MOVE = YES;
				CLANG_WARN_UNREACHABLE_CODE = YES;
				CLANG_WARN__DUPLICATE_METHOD_MATCH = YES;
				COPY_PHASE_STRIP = NO;
				CURRENT_PROJECT_VERSION = 1;
				DEBUG_INFORMATION_FORMAT = "dwarf-with-dsym";
				ENABLE_STRICT_OBJC_MSGSEND = YES;
				ENABLE_TESTABILITY = YES;
				GCC_C_LANGUAGE_STANDARD = gnu99;
				GCC_DYNAMIC_NO_PIC = NO;
				GCC_NO_COMMON_BLOCKS = YES;
				GCC_OPTIMIZATION_LEVEL = 0;
				GCC_PREPROCESSOR_DEFINITIONS = (
					"DEBUG=1",
					"$(inherited)",
				);
				GCC_WARN_64_TO_32_BIT_CONVERSION = YES;
				GCC_WARN_ABOUT_RETURN_TYPE = YES_ERROR;
				GCC_WARN_UNDECLARED_SELECTOR = YES;
				GCC_WARN_UNINITIALIZED_AUTOS = YES_AGGRESSIVE;
				GCC_WARN_UNUSED_FUNCTION = YES;
				GCC_WARN_UNUSED_VARIABLE = YES;
				MACOSX_DEPLOYMENT_TARGET = 10.12;
				MTL_ENABLE_DEBUG_INFO = YES;
				ONLY_ACTIVE_ARCH = YES;
				SDKROOT = macosx;
				SWIFT_INCLUDE_PATHS = "${SRCROOT}/Vendor/CommonCrypto";
				SWIFT_OPTIMIZATION_LEVEL = "-Onone";
				SWIFT_VERSION = 3.0;
				VERSIONING_SYSTEM = "apple-generic";
				VERSION_INFO_PREFIX = "";
			};
			name = Debug;
		};
		96286B2B1B7E54C200567CA3 /* Release */ = {
			isa = XCBuildConfiguration;
			buildSettings = {
				ALWAYS_SEARCH_USER_PATHS = NO;
				CLANG_CXX_LANGUAGE_STANDARD = "gnu++0x";
				CLANG_CXX_LIBRARY = "libc++";
				CLANG_ENABLE_MODULES = YES;
				CLANG_ENABLE_OBJC_ARC = YES;
				CLANG_WARN_BLOCK_CAPTURE_AUTORELEASING = YES;
				CLANG_WARN_BOOL_CONVERSION = YES;
				CLANG_WARN_COMMA = YES;
				CLANG_WARN_CONSTANT_CONVERSION = YES;
				CLANG_WARN_DEPRECATED_OBJC_IMPLEMENTATIONS = YES;
				CLANG_WARN_DIRECT_OBJC_ISA_USAGE = YES_ERROR;
				CLANG_WARN_EMPTY_BODY = YES;
				CLANG_WARN_ENUM_CONVERSION = YES;
				CLANG_WARN_INFINITE_RECURSION = YES;
				CLANG_WARN_INT_CONVERSION = YES;
				CLANG_WARN_NON_LITERAL_NULL_CONVERSION = YES;
				CLANG_WARN_OBJC_IMPLICIT_RETAIN_SELF = YES;
				CLANG_WARN_OBJC_LITERAL_CONVERSION = YES;
				CLANG_WARN_OBJC_ROOT_CLASS = YES_ERROR;
				CLANG_WARN_QUOTED_INCLUDE_IN_FRAMEWORK_HEADER = YES;
				CLANG_WARN_RANGE_LOOP_ANALYSIS = YES;
				CLANG_WARN_STRICT_PROTOTYPES = YES;
				CLANG_WARN_SUSPICIOUS_MOVE = YES;
				CLANG_WARN_UNREACHABLE_CODE = YES;
				CLANG_WARN__DUPLICATE_METHOD_MATCH = YES;
				COPY_PHASE_STRIP = NO;
				CURRENT_PROJECT_VERSION = 1;
				DEBUG_INFORMATION_FORMAT = "dwarf-with-dsym";
				ENABLE_NS_ASSERTIONS = NO;
				ENABLE_STRICT_OBJC_MSGSEND = YES;
				GCC_C_LANGUAGE_STANDARD = gnu99;
				GCC_NO_COMMON_BLOCKS = YES;
				GCC_WARN_64_TO_32_BIT_CONVERSION = YES;
				GCC_WARN_ABOUT_RETURN_TYPE = YES_ERROR;
				GCC_WARN_UNDECLARED_SELECTOR = YES;
				GCC_WARN_UNINITIALIZED_AUTOS = YES_AGGRESSIVE;
				GCC_WARN_UNUSED_FUNCTION = YES;
				GCC_WARN_UNUSED_VARIABLE = YES;
				MACOSX_DEPLOYMENT_TARGET = 10.12;
				MTL_ENABLE_DEBUG_INFO = NO;
				SDKROOT = macosx;
				SWIFT_INCLUDE_PATHS = "${SRCROOT}/Vendor/CommonCrypto";
				SWIFT_OPTIMIZATION_LEVEL = "-Owholemodule";
				SWIFT_VERSION = 3.0;
				VERSIONING_SYSTEM = "apple-generic";
				VERSION_INFO_PREFIX = "";
			};
			name = Release;
		};
		96286B2D1B7E54C200567CA3 /* Debug */ = {
			isa = XCBuildConfiguration;
			buildSettings = {
				CLANG_ENABLE_MODULES = YES;
				COMBINE_HIDPI_IMAGES = YES;
				DEFINES_MODULE = YES;
				DYLIB_COMPATIBILITY_VERSION = 1;
				DYLIB_CURRENT_VERSION = 1;
				DYLIB_INSTALL_NAME_BASE = "@rpath";
				ENABLE_TESTABILITY = YES;
				FRAMEWORK_SEARCH_PATHS = (
					"$(inherited)",
					"$(PROJECT_DIR)/Carthage/Build/Mac",
				);
				FRAMEWORK_VERSION = A;
				INFOPLIST_FILE = Source/Info.plist;
				INSTALL_PATH = "$(LOCAL_LIBRARY_DIR)/Frameworks";
				LD_RUNPATH_SEARCH_PATHS = "$(inherited) @executable_path/../Frameworks @loader_path/Frameworks";
				PRODUCT_BUNDLE_IDENTIFIER = com.sv.SwiftHelperKit;
				PRODUCT_NAME = SwiftHelperKit;
				SKIP_INSTALL = YES;
				SWIFT_OPTIMIZATION_LEVEL = "-Onone";
				SWIFT_VERSION = 5.0;
			};
			name = Debug;
		};
		96286B2E1B7E54C200567CA3 /* Release */ = {
			isa = XCBuildConfiguration;
			buildSettings = {
				CLANG_ENABLE_MODULES = YES;
				COMBINE_HIDPI_IMAGES = YES;
				DEFINES_MODULE = YES;
				DYLIB_COMPATIBILITY_VERSION = 1;
				DYLIB_CURRENT_VERSION = 1;
				DYLIB_INSTALL_NAME_BASE = "@rpath";
				ENABLE_TESTABILITY = YES;
				FRAMEWORK_SEARCH_PATHS = (
					"$(inherited)",
					"$(PROJECT_DIR)/Carthage/Build/Mac",
				);
				FRAMEWORK_VERSION = A;
				INFOPLIST_FILE = Source/Info.plist;
				INSTALL_PATH = "$(LOCAL_LIBRARY_DIR)/Frameworks";
				LD_RUNPATH_SEARCH_PATHS = "$(inherited) @executable_path/../Frameworks @loader_path/Frameworks";
				PRODUCT_BUNDLE_IDENTIFIER = com.sv.SwiftHelperKit;
				PRODUCT_NAME = SwiftHelperKit;
				SKIP_INSTALL = YES;
				SWIFT_VERSION = 5.0;
			};
			name = Release;
		};
		96286B301B7E54C200567CA3 /* Debug */ = {
			isa = XCBuildConfiguration;
			buildSettings = {
				CLANG_ENABLE_MODULES = YES;
				COMBINE_HIDPI_IMAGES = YES;
				FRAMEWORK_SEARCH_PATHS = (
					"$(inherited)",
					"$(PROJECT_DIR)/Carthage/Build/Mac",
				);
				INFOPLIST_FILE = Tests/Info.plist;
				LD_RUNPATH_SEARCH_PATHS = "$(inherited) @executable_path/../Frameworks @loader_path/../Frameworks $(PROJECT_DIR)/Carthage/Build/Mac";
				MACOSX_DEPLOYMENT_TARGET = 10.15;
				PRODUCT_BUNDLE_IDENTIFIER = SwiftHelperKit;
				PRODUCT_NAME = SwiftHelperKitTests;
				SWIFT_OPTIMIZATION_LEVEL = "-Onone";
				SWIFT_VERSION = 5.0;
			};
			name = Debug;
		};
		96286B311B7E54C200567CA3 /* Release */ = {
			isa = XCBuildConfiguration;
			buildSettings = {
				CLANG_ENABLE_MODULES = YES;
				COMBINE_HIDPI_IMAGES = YES;
				ENABLE_TESTABILITY = YES;
				FRAMEWORK_SEARCH_PATHS = (
					"$(inherited)",
					"$(PROJECT_DIR)/Carthage/Build/Mac",
				);
				INFOPLIST_FILE = Tests/Info.plist;
				LD_RUNPATH_SEARCH_PATHS = "$(inherited) @executable_path/../Frameworks @loader_path/../Frameworks $(PROJECT_DIR)/Carthage/Build/Mac";
				MACOSX_DEPLOYMENT_TARGET = 10.15;
				PRODUCT_BUNDLE_IDENTIFIER = SwiftHelperKit;
				PRODUCT_NAME = SwiftHelperKitTests;
				SWIFT_VERSION = 5.0;
			};
			name = Release;
		};
		963788F21B85FEF3003102F2 /* Debug */ = {
			isa = XCBuildConfiguration;
			buildSettings = {
				CODE_SIGN_IDENTITY = "iPhone Developer";
				ENABLE_TESTABILITY = YES;
				FRAMEWORK_SEARCH_PATHS = (
					"$(inherited)",
					"$(PROJECT_DIR)/Carthage/Build/iOS",
				);
				INFOPLIST_FILE = Tests/Info.plist;
				IPHONEOS_DEPLOYMENT_TARGET = 12.0;
				LD_RUNPATH_SEARCH_PATHS = "$(inherited) @executable_path/Frameworks @loader_path/Frameworks $(PROJECT_DIR)/Carthage/Build/iOS";
				PRODUCT_BUNDLE_IDENTIFIER = seb.SwiftHelperKitiOSTests;
				PRODUCT_NAME = SwiftHelperKitTests;
				SDKROOT = iphoneos;
				SWIFT_VERSION = 5.0;
			};
			name = Debug;
		};
		963788F31B85FEF3003102F2 /* Release */ = {
			isa = XCBuildConfiguration;
			buildSettings = {
				CODE_SIGN_IDENTITY = "iPhone Developer";
				ENABLE_TESTABILITY = YES;
				FRAMEWORK_SEARCH_PATHS = (
					"$(inherited)",
					"$(PROJECT_DIR)/Carthage/Build/iOS",
				);
				INFOPLIST_FILE = Tests/Info.plist;
				IPHONEOS_DEPLOYMENT_TARGET = 12.0;
				LD_RUNPATH_SEARCH_PATHS = "$(inherited) @executable_path/Frameworks @loader_path/Frameworks $(PROJECT_DIR)/Carthage/Build/iOS";
				PRODUCT_BUNDLE_IDENTIFIER = seb.SwiftHelperKitiOSTests;
				PRODUCT_NAME = SwiftHelperKitTests;
				SDKROOT = iphoneos;
				SWIFT_VERSION = 5.0;
				VALIDATE_PRODUCT = YES;
			};
			name = Release;
		};
		96D7B07B1B85FD1A00D2A32E /* Debug */ = {
			isa = XCBuildConfiguration;
			buildSettings = {
				CLANG_ENABLE_MODULES = YES;
				CODE_SIGN_IDENTITY = "";
				"CODE_SIGN_IDENTITY[sdk=iphoneos*]" = "";
				DEFINES_MODULE = YES;
				DYLIB_COMPATIBILITY_VERSION = 1;
				DYLIB_CURRENT_VERSION = 1;
				DYLIB_INSTALL_NAME_BASE = "@rpath";
				ENABLE_TESTABILITY = YES;
				FRAMEWORK_SEARCH_PATHS = (
					"$(inherited)",
					"$(PROJECT_DIR)/Carthage/Build/iOS",
				);
				INFOPLIST_FILE = Source/Info.plist;
				INSTALL_PATH = "$(LOCAL_LIBRARY_DIR)/Frameworks";
				IPHONEOS_DEPLOYMENT_TARGET = 12.0;
				LD_RUNPATH_SEARCH_PATHS = "$(inherited) @executable_path/Frameworks @loader_path/Frameworks";
				PRODUCT_BUNDLE_IDENTIFIER = com.sv.SwiftHelperKit;
				PRODUCT_NAME = SwiftHelperKit;
				SDKROOT = iphoneos;
				SKIP_INSTALL = YES;
				SWIFT_OPTIMIZATION_LEVEL = "-Onone";
				SWIFT_VERSION = 5.0;
				TARGETED_DEVICE_FAMILY = "1,2";
			};
			name = Debug;
		};
		96D7B07C1B85FD1A00D2A32E /* Release */ = {
			isa = XCBuildConfiguration;
			buildSettings = {
				CLANG_ENABLE_MODULES = YES;
				CODE_SIGN_IDENTITY = "";
				"CODE_SIGN_IDENTITY[sdk=iphoneos*]" = "";
				DEFINES_MODULE = YES;
				DYLIB_COMPATIBILITY_VERSION = 1;
				DYLIB_CURRENT_VERSION = 1;
				DYLIB_INSTALL_NAME_BASE = "@rpath";
				ENABLE_TESTABILITY = YES;
				FRAMEWORK_SEARCH_PATHS = (
					"$(inherited)",
					"$(PROJECT_DIR)/Carthage/Build/iOS",
				);
				INFOPLIST_FILE = Source/Info.plist;
				INSTALL_PATH = "$(LOCAL_LIBRARY_DIR)/Frameworks";
				IPHONEOS_DEPLOYMENT_TARGET = 12.0;
				LD_RUNPATH_SEARCH_PATHS = "$(inherited) @executable_path/Frameworks @loader_path/Frameworks";
				PRODUCT_BUNDLE_IDENTIFIER = com.sv.SwiftHelperKit;
				PRODUCT_NAME = SwiftHelperKit;
				SDKROOT = iphoneos;
				SKIP_INSTALL = YES;
				SWIFT_VERSION = 5.0;
				TARGETED_DEVICE_FAMILY = "1,2";
				VALIDATE_PRODUCT = YES;
			};
			name = Release;
		};
/* End XCBuildConfiguration section */

/* Begin XCConfigurationList section */
		96286B121B7E54C200567CA3 /* Build configuration list for PBXProject "SwiftHelperKit" */ = {
			isa = XCConfigurationList;
			buildConfigurations = (
				96286B2A1B7E54C200567CA3 /* Debug */,
				96286B2B1B7E54C200567CA3 /* Release */,
			);
			defaultConfigurationIsVisible = 0;
			defaultConfigurationName = Release;
		};
		96286B2C1B7E54C200567CA3 /* Build configuration list for PBXNativeTarget "SwiftHelperKit OSX" */ = {
			isa = XCConfigurationList;
			buildConfigurations = (
				96286B2D1B7E54C200567CA3 /* Debug */,
				96286B2E1B7E54C200567CA3 /* Release */,
			);
			defaultConfigurationIsVisible = 0;
			defaultConfigurationName = Release;
		};
		96286B2F1B7E54C200567CA3 /* Build configuration list for PBXNativeTarget "SwiftHelperKit OSX Tests" */ = {
			isa = XCConfigurationList;
			buildConfigurations = (
				96286B301B7E54C200567CA3 /* Debug */,
				96286B311B7E54C200567CA3 /* Release */,
			);
			defaultConfigurationIsVisible = 0;
			defaultConfigurationName = Release;
		};
		963788F41B85FEF3003102F2 /* Build configuration list for PBXNativeTarget "SwiftHelperKit iOS Tests" */ = {
			isa = XCConfigurationList;
			buildConfigurations = (
				963788F21B85FEF3003102F2 /* Debug */,
				963788F31B85FEF3003102F2 /* Release */,
			);
			defaultConfigurationIsVisible = 0;
			defaultConfigurationName = Release;
		};
		96D7B07A1B85FD1A00D2A32E /* Build configuration list for PBXNativeTarget "SwiftHelperKit iOS" */ = {
			isa = XCConfigurationList;
			buildConfigurations = (
				96D7B07B1B85FD1A00D2A32E /* Debug */,
				96D7B07C1B85FD1A00D2A32E /* Release */,
			);
			defaultConfigurationIsVisible = 0;
			defaultConfigurationName = Release;
		};
/* End XCConfigurationList section */
	};
	rootObject = 96286B0F1B7E54C200567CA3 /* Project object */;
}
